
Microsoft Visual Studio Solution File, Format Version 12.00
# Visual Studio Version 16
VisualStudioVersion = 16.0.31205.134
MinimumVisualStudioVersion = 10.0.40219.1
Project("{FAE04EC0-301F-11D3-BF4B-00C04F79EFBC}") = "RedisUsage", "RedisUsage\RedisUsage.csproj", "{094625FC-0D0A-4D07-A659-338CDCB3C4DB}"
EndProject
Global
	GlobalSection(SolutionConfigurationPlatforms) = preSolution
		Debug|Any CPU = Debug|Any CPU
		Release|Any CPU = Release|Any CPU
	EndGlobalSection
	GlobalSection(ProjectConfigurationPlatforms) = postSolution
		{094625FC-0D0A-4D07-A659-338CDCB3C4DB}.Debug|Any CPU.ActiveCfg = Debug|Any CPU
		{094625FC-0D0A-4D07-A659-338CDCB3C4DB}.Debug|Any CPU.Build.0 = Debug|Any CPU
		{094625FC-0D0A-4D07-A659-338CDCB3C4DB}.Release|Any CPU.ActiveCfg = Release|Any CPU
		{094625FC-0D0A-4D07-A659-338CDCB3C4DB}.Release|Any CPU.Build.0 = Release|Any CPU
	EndGlobalSection
	GlobalSection(SolutionProperties) = preSolution
		HideSolutionNode = FALSE
	EndGlobalSection
	GlobalSection(ExtensibilityGlobals) = postSolution
		SolutionGuid = {27D23E1C-F02C-4543-9485-DC546193ED73}
	EndGlobalSection
EndGlobal
